
Microsoft Visual Studio Solution File, Format Version 11.00
# Visual Studio 2010
Project("{FAE04EC0-301F-11D3-BF4B-00C04F79EFBC}") = "HP_Parking_WEB_API", "HP_Parking_WEB_API\HP_Parking_WEB_API.csproj", "{5514C2B5-C9A3-4726-BBD8-4675B09483BA}"
EndProject
Global
	GlobalSection(SolutionConfigurationPlatforms) = preSolution
		Debug|Any CPU = Debug|Any CPU
		Release|Any CPU = Release|Any CPU
	EndGlobalSection
	GlobalSection(ProjectConfigurationPlatforms) = postSolution
		{5514C2B5-C9A3-4726-BBD8-4675B09483BA}.Debug|Any CPU.ActiveCfg = Debug|Any CPU
		{5514C2B5-C9A3-4726-BBD8-4675B09483BA}.Debug|Any CPU.Build.0 = Debug|Any CPU
		{5514C2B5-C9A3-4726-BBD8-4675B09483BA}.Release|Any CPU.ActiveCfg = Release|Any CPU
		{5514C2B5-C9A3-4726-BBD8-4675B09483BA}.Release|Any CPU.Build.0 = Release|Any CPU
	EndGlobalSection
	GlobalSection(SolutionProperties) = preSolution
		HideSolutionNode = FALSE
	EndGlobalSection
EndGlobal
